
Microsoft Visual Studio Solution File, Format Version 12.00
# Visual Studio Version 17
VisualStudioVersion = 17.6.33815.320
MinimumVisualStudioVersion = 10.0.40219.1
Project("{9A19103F-16F7-4668-BE54-9A1E7A4F7556}") = "BurgerApp.Refactored", "BurgerApp.Refactored\BurgerApp.Refactored.csproj", "{736B58BE-431D-47BE-A8AE-142416DE5C1A}"
EndProject
Project("{9A19103F-16F7-4668-BE54-9A1E7A4F7556}") = "BurgerApp.DataAccess", "BurgerApp.DataAccess\BurgerApp.DataAccess.csproj", "{5A9DE9BF-B7B5-4E70-9687-5293F39A71A1}"
EndProject
Project("{9A19103F-16F7-4668-BE54-9A1E7A4F7556}") = "BurgerApp.Domain", "BurgerApp.Domain\BurgerApp.Domain.csproj", "{5FBFCAB8-1501-460F-8E63-5F10D959372F}"
EndProject
Project("{9A19103F-16F7-4668-BE54-9A1E7A4F7556}") = "BurgerApp.Services", "BurgerApp.Services\BurgerApp.Services.csproj", "{78E0F208-747B-4981-86D1-EF2EA258979E}"
EndProject
Project("{9A19103F-16F7-4668-BE54-9A1E7A4F7556}") = "BurgerApp.Helpers", "BurgerApp.Helpers\BurgerApp.Helpers.csproj", "{6356877C-B292-4D24-9D94-0A28FDCF92A2}"
EndProject
Global
	GlobalSection(SolutionConfigurationPlatforms) = preSolution
		Debug|Any CPU = Debug|Any CPU
		Release|Any CPU = Release|Any CPU
	EndGlobalSection
	GlobalSection(ProjectConfigurationPlatforms) = postSolution
		{736B58BE-431D-47BE-A8AE-142416DE5C1A}.Debug|Any CPU.ActiveCfg = Debug|Any CPU
		{736B58BE-431D-47BE-A8AE-142416DE5C1A}.Debug|Any CPU.Build.0 = Debug|Any CPU
		{736B58BE-431D-47BE-A8AE-142416DE5C1A}.Release|Any CPU.ActiveCfg = Release|Any CPU
		{736B58BE-431D-47BE-A8AE-142416DE5C1A}.Release|Any CPU.Build.0 = Release|Any CPU
		{5A9DE9BF-B7B5-4E70-9687-5293F39A71A1}.Debug|Any CPU.ActiveCfg = Debug|Any CPU
		{5A9DE9BF-B7B5-4E70-9687-5293F39A71A1}.Debug|Any CPU.Build.0 = Debug|Any CPU
		{5A9DE9BF-B7B5-4E70-9687-5293F39A71A1}.Release|Any CPU.ActiveCfg = Release|Any CPU
		{5A9DE9BF-B7B5-4E70-9687-5293F39A71A1}.Release|Any CPU.Build.0 = Release|Any CPU
		{5FBFCAB8-1501-460F-8E63-5F10D959372F}.Debug|Any CPU.ActiveCfg = Debug|Any CPU
		{5FBFCAB8-1501-460F-8E63-5F10D959372F}.Debug|Any CPU.Build.0 = Debug|Any CPU
		{5FBFCAB8-1501-460F-8E63-5F10D959372F}.Release|Any CPU.ActiveCfg = Release|Any CPU
		{5FBFCAB8-1501-460F-8E63-5F10D959372F}.Release|Any CPU.Build.0 = Release|Any CPU
		{78E0F208-747B-4981-86D1-EF2EA258979E}.Debug|Any CPU.ActiveCfg = Debug|Any CPU
		{78E0F208-747B-4981-86D1-EF2EA258979E}.Debug|Any CPU.Build.0 = Debug|Any CPU
		{78E0F208-747B-4981-86D1-EF2EA258979E}.Release|Any CPU.ActiveCfg = Release|Any CPU
		{78E0F208-747B-4981-86D1-EF2EA258979E}.Release|Any CPU.Build.0 = Release|Any CPU
		{6356877C-B292-4D24-9D94-0A28FDCF92A2}.Debug|Any CPU.ActiveCfg = Debug|Any CPU
		{6356877C-B292-4D24-9D94-0A28FDCF92A2}.Debug|Any CPU.Build.0 = Debug|Any CPU
		{6356877C-B292-4D24-9D94-0A28FDCF92A2}.Release|Any CPU.ActiveCfg = Release|Any CPU
		{6356877C-B292-4D24-9D94-0A28FDCF92A2}.Release|Any CPU.Build.0 = Release|Any CPU
	EndGlobalSection
	GlobalSection(SolutionProperties) = preSolution
		HideSolutionNode = FALSE
	EndGlobalSection
	GlobalSection(ExtensibilityGlobals) = postSolution
		SolutionGuid = {2FE46FC6-39F4-470F-8620-39CB14D02CEE}
	EndGlobalSection
EndGlobal
